
Microsoft Visual Studio Solution File, Format Version 12.00
# Visual Studio Version 17
VisualStudioVersion = 17.8.34511.84
MinimumVisualStudioVersion = 10.0.40219.1
Project("{FAE04EC0-301F-11D3-BF4B-00C04F79EFBC}") = "GeorgeTownCleaningServices", "GeorgeTownCleaningServices\GeorgeTownCleaningServices.csproj", "{0AD196B0-FA97-452A-A0C6-725B535D78B2}"
EndProject
Global
	GlobalSection(SolutionConfigurationPlatforms) = preSolution
		Debug|Any CPU = Debug|Any CPU
		Release|Any CPU = Release|Any CPU
	EndGlobalSection
	GlobalSection(ProjectConfigurationPlatforms) = postSolution
		{0AD196B0-FA97-452A-A0C6-725B535D78B2}.Debug|Any CPU.ActiveCfg = Debug|Any CPU
		{0AD196B0-FA97-452A-A0C6-725B535D78B2}.Debug|Any CPU.Build.0 = Debug|Any CPU
		{0AD196B0-FA97-452A-A0C6-725B535D78B2}.Release|Any CPU.ActiveCfg = Release|Any CPU
		{0AD196B0-FA97-452A-A0C6-725B535D78B2}.Release|Any CPU.Build.0 = Release|Any CPU
	EndGlobalSection
	GlobalSection(SolutionProperties) = preSolution
		HideSolutionNode = FALSE
	EndGlobalSection
	GlobalSection(ExtensibilityGlobals) = postSolution
		SolutionGuid = {2F6493B6-9C51-4FD6-A7B8-E72037C96D4B}
	EndGlobalSection
EndGlobal
